// !$*UTF8*$!
{
	archiveVersion = 1;
	classes = {
	};
	objectVersion = 46;
	objects = {

/* Begin PBXBuildFile section */
		7F850B081CE8FE9E00E5BCD1 /* AppDelegate.swift in Sources */ = {isa = PBXBuildFile; fileRef = 7F850B071CE8FE9E00E5BCD1 /* AppDelegate.swift */; };
		7F850B0D1CE8FE9E00E5BCD1 /* Main.storyboard in Resources */ = {isa = PBXBuildFile; fileRef = 7F850B0B1CE8FE9E00E5BCD1 /* Main.storyboard */; };
		7F850B0F1CE8FE9E00E5BCD1 /* Assets.xcassets in Resources */ = {isa = PBXBuildFile; fileRef = 7F850B0E1CE8FE9E00E5BCD1 /* Assets.xcassets */; };
		7F850B121CE8FE9E00E5BCD1 /* LaunchScreen.storyboard in Resources */ = {isa = PBXBuildFile; fileRef = 7F850B101CE8FE9E00E5BCD1 /* LaunchScreen.storyboard */; };
		7F850B1D1CE8FE9E00E5BCD1 /* OnTheMapTests.swift in Sources */ = {isa = PBXBuildFile; fileRef = 7F850B1C1CE8FE9E00E5BCD1 /* OnTheMapTests.swift */; };
		7F850B281CE8FE9E00E5BCD1 /* OnTheMapUITests.swift in Sources */ = {isa = PBXBuildFile; fileRef = 7F850B271CE8FE9E00E5BCD1 /* OnTheMapUITests.swift */; };
		7F850B3C1CEA1FEA00E5BCD1 /* UdacityConstants.swift in Sources */ = {isa = PBXBuildFile; fileRef = 7F850B3B1CEA1FEA00E5BCD1 /* UdacityConstants.swift */; };
		7F850B3E1CEA200A00E5BCD1 /* UdacityClient.swift in Sources */ = {isa = PBXBuildFile; fileRef = 7F850B3D1CEA200A00E5BCD1 /* UdacityClient.swift */; };
		7F850B401CEA201900E5BCD1 /* UdacityConvenience.swift in Sources */ = {isa = PBXBuildFile; fileRef = 7F850B3F1CEA201900E5BCD1 /* UdacityConvenience.swift */; };
		7F850B421CEA209300E5BCD1 /* UdacityAuthenticationViewController.swift in Sources */ = {isa = PBXBuildFile; fileRef = 7F850B411CEA209300E5BCD1 /* UdacityAuthenticationViewController.swift */; };
		7F850B441CEA261400E5BCD1 /* LoginViewController.swift in Sources */ = {isa = PBXBuildFile; fileRef = 7F850B431CEA261400E5BCD1 /* LoginViewController.swift */; };
		7F850B461CEA3D0C00E5BCD1 /* GCDBlackBox.swift in Sources */ = {isa = PBXBuildFile; fileRef = 7F850B451CEA3D0C00E5BCD1 /* GCDBlackBox.swift */; };
		7FCC43B51CEC014A0052AD40 /* PinMapViewController.swift in Sources */ = {isa = PBXBuildFile; fileRef = 7FCC43B41CEC014A0052AD40 /* PinMapViewController.swift */; };
		7FCC43B71CECF26D0052AD40 /* MapKit.framework in Frameworks */ = {isa = PBXBuildFile; fileRef = 7FCC43B61CECF26D0052AD40 /* MapKit.framework */; };
		7FCC43B91CECFC6E0052AD40 /* PARSEClient.swift in Sources */ = {isa = PBXBuildFile; fileRef = 7FCC43B81CECFC6E0052AD40 /* PARSEClient.swift */; };
		7FCC43BB1CECFC820052AD40 /* PARSEConvenience.swift in Sources */ = {isa = PBXBuildFile; fileRef = 7FCC43BA1CECFC820052AD40 /* PARSEConvenience.swift */; };
		7FCC43BD1CECFC9B0052AD40 /* PARSEConstants.swift in Sources */ = {isa = PBXBuildFile; fileRef = 7FCC43BC1CECFC9B0052AD40 /* PARSEConstants.swift */; };
		7FCC43BF1CED05510052AD40 /* PARSEStudentInformation.swift in Sources */ = {isa = PBXBuildFile; fileRef = 7FCC43BE1CED05510052AD40 /* PARSEStudentInformation.swift */; };
		7FCC43C11CED4D400052AD40 /* UdacityStudentListViewController.swift in Sources */ = {isa = PBXBuildFile; fileRef = 7FCC43C01CED4D400052AD40 /* UdacityStudentListViewController.swift */; };
		7FCC43C31CEF70100052AD40 /* InformationPostingViewController.swift in Sources */ = {isa = PBXBuildFile; fileRef = 7FCC43C21CEF70100052AD40 /* InformationPostingViewController.swift */; };
/* End PBXBuildFile section */

/* Begin PBXContainerItemProxy section */
		7F850B191CE8FE9E00E5BCD1 /* PBXContainerItemProxy */ = {
			isa = PBXContainerItemProxy;
			containerPortal = 7F850AFC1CE8FE9D00E5BCD1 /* Project object */;
			proxyType = 1;
			remoteGlobalIDString = 7F850B031CE8FE9E00E5BCD1;
			remoteInfo = OnTheMap;
		};
		7F850B241CE8FE9E00E5BCD1 /* PBXContainerItemProxy */ = {
			isa = PBXContainerItemProxy;
			containerPortal = 7F850AFC1CE8FE9D00E5BCD1 /* Project object */;
			proxyType = 1;
			remoteGlobalIDString = 7F850B031CE8FE9E00E5BCD1;
			remoteInfo = OnTheMap;
		};
/* End PBXContainerItemProxy section */

/* Begin PBXFileReference section */
		7F850B041CE8FE9E00E5BCD1 /* OnTheMap.app */ = {isa = PBXFileReference; explicitFileType = wrapper.application; includeInIndex = 0; path = OnTheMap.app; sourceTree = BUILT_PRODUCTS_DIR; };
		7F850B071CE8FE9E00E5BCD1 /* AppDelegate.swift */ = {isa = PBXFileReference; lastKnownFileType = sourcecode.swift; path = AppDelegate.swift; sourceTree = "<group>"; };
		7F850B0C1CE8FE9E00E5BCD1 /* Base */ = {isa = PBXFileReference; lastKnownFileType = file.storyboard; name = Base; path = Base.lproj/Main.storyboard; sourceTree = "<group>"; };
		7F850B0E1CE8FE9E00E5BCD1 /* Assets.xcassets */ = {isa = PBXFileReference; lastKnownFileType = folder.assetcatalog; path = Assets.xcassets; sourceTree = "<group>"; };
		7F850B111CE8FE9E00E5BCD1 /* Base */ = {isa = PBXFileReference; lastKnownFileType = file.storyboard; name = Base; path = Base.lproj/LaunchScreen.storyboard; sourceTree = "<group>"; };
		7F850B131CE8FE9E00E5BCD1 /* Info.plist */ = {isa = PBXFileReference; lastKnownFileType = text.plist.xml; path = Info.plist; sourceTree = "<group>"; };
		7F850B181CE8FE9E00E5BCD1 /* OnTheMapTests.xctest */ = {isa = PBXFileReference; explicitFileType = wrapper.cfbundle; includeInIndex = 0; path = OnTheMapTests.xctest; sourceTree = BUILT_PRODUCTS_DIR; };
		7F850B1C1CE8FE9E00E5BCD1 /* OnTheMapTests.swift */ = {isa = PBXFileReference; lastKnownFileType = sourcecode.swift; path = OnTheMapTests.swift; sourceTree = "<group>"; };
		7F850B1E1CE8FE9E00E5BCD1 /* Info.plist */ = {isa = PBXFileReference; lastKnownFileType = text.plist.xml; path = Info.plist; sourceTree = "<group>"; };
		7F850B231CE8FE9E00E5BCD1 /* OnTheMapUITests.xctest */ = {isa = PBXFileReference; explicitFileType = wrapper.cfbundle; includeInIndex = 0; path = OnTheMapUITests.xctest; sourceTree = BUILT_PRODUCTS_DIR; };
		7F850B271CE8FE9E00E5BCD1 /* OnTheMapUITests.swift */ = {isa = PBXFileReference; lastKnownFileType = sourcecode.swift; path = OnTheMapUITests.swift; sourceTree = "<group>"; };
		7F850B291CE8FE9E00E5BCD1 /* Info.plist */ = {isa = PBXFileReference; lastKnownFileType = text.plist.xml; path = Info.plist; sourceTree = "<group>"; };
		7F850B3B1CEA1FEA00E5BCD1 /* UdacityConstants.swift */ = {isa = PBXFileReference; fileEncoding = 4; lastKnownFileType = sourcecode.swift; path = UdacityConstants.swift; sourceTree = "<group>"; };
		7F850B3D1CEA200A00E5BCD1 /* UdacityClient.swift */ = {isa = PBXFileReference; fileEncoding = 4; lastKnownFileType = sourcecode.swift; path = UdacityClient.swift; sourceTree = "<group>"; };
		7F850B3F1CEA201900E5BCD1 /* UdacityConvenience.swift */ = {isa = PBXFileReference; fileEncoding = 4; lastKnownFileType = sourcecode.swift; path = UdacityConvenience.swift; sourceTree = "<group>"; };
		7F850B411CEA209300E5BCD1 /* UdacityAuthenticationViewController.swift */ = {isa = PBXFileReference; fileEncoding = 4; lastKnownFileType = sourcecode.swift; path = UdacityAuthenticationViewController.swift; sourceTree = "<group>"; };
		7F850B431CEA261400E5BCD1 /* LoginViewController.swift */ = {isa = PBXFileReference; fileEncoding = 4; lastKnownFileType = sourcecode.swift; path = LoginViewController.swift; sourceTree = "<group>"; };
		7F850B451CEA3D0C00E5BCD1 /* GCDBlackBox.swift */ = {isa = PBXFileReference; fileEncoding = 4; lastKnownFileType = sourcecode.swift; path = GCDBlackBox.swift; sourceTree = "<group>"; };
		7FCC43B41CEC014A0052AD40 /* PinMapViewController.swift */ = {isa = PBXFileReference; fileEncoding = 4; lastKnownFileType = sourcecode.swift; path = PinMapViewController.swift; sourceTree = "<group>"; };
		7FCC43B61CECF26D0052AD40 /* MapKit.framework */ = {isa = PBXFileReference; lastKnownFileType = wrapper.framework; name = MapKit.framework; path = System/Library/Frameworks/MapKit.framework; sourceTree = SDKROOT; };
		7FCC43B81CECFC6E0052AD40 /* PARSEClient.swift */ = {isa = PBXFileReference; fileEncoding = 4; lastKnownFileType = sourcecode.swift; path = PARSEClient.swift; sourceTree = "<group>"; };
		7FCC43BA1CECFC820052AD40 /* PARSEConvenience.swift */ = {isa = PBXFileReference; fileEncoding = 4; lastKnownFileType = sourcecode.swift; path = PARSEConvenience.swift; sourceTree = "<group>"; };
		7FCC43BC1CECFC9B0052AD40 /* PARSEConstants.swift */ = {isa = PBXFileReference; fileEncoding = 4; lastKnownFileType = sourcecode.swift; path = PARSEConstants.swift; sourceTree = "<group>"; };
		7FCC43BE1CED05510052AD40 /* PARSEStudentInformation.swift */ = {isa = PBXFileReference; fileEncoding = 4; lastKnownFileType = sourcecode.swift; path = PARSEStudentInformation.swift; sourceTree = "<group>"; };
		7FCC43C01CED4D400052AD40 /* UdacityStudentListViewController.swift */ = {isa = PBXFileReference; fileEncoding = 4; lastKnownFileType = sourcecode.swift; path = UdacityStudentListViewController.swift; sourceTree = "<group>"; };
		7FCC43C21CEF70100052AD40 /* InformationPostingViewController.swift */ = {isa = PBXFileReference; fileEncoding = 4; lastKnownFileType = sourcecode.swift; path = InformationPostingViewController.swift; sourceTree = "<group>"; };
/* End PBXFileReference section */

/* Begin PBXFrameworksBuildPhase section */
		7F850B011CE8FE9E00E5BCD1 /* Frameworks */ = {
			isa = PBXFrameworksBuildPhase;
			buildActionMask = 2147483647;
			files = (
				7FCC43B71CECF26D0052AD40 /* MapKit.framework in Frameworks */,
			);
			runOnlyForDeploymentPostprocessing = 0;
		};
		7F850B151CE8FE9E00E5BCD1 /* Frameworks */ = {
			isa = PBXFrameworksBuildPhase;
			buildActionMask = 2147483647;
			files = (
			);
			runOnlyForDeploymentPostprocessing = 0;
		};
		7F850B201CE8FE9E00E5BCD1 /* Frameworks */ = {
			isa = PBXFrameworksBuildPhase;
			buildActionMask = 2147483647;
			files = (
			);
			runOnlyForDeploymentPostprocessing = 0;
		};
/* End PBXFrameworksBuildPhase section */

/* Begin PBXGroup section */
		7F850AFB1CE8FE9D00E5BCD1 = {
			isa = PBXGroup;
			children = (
				7FCC43B61CECF26D0052AD40 /* MapKit.framework */,
				7F850B061CE8FE9E00E5BCD1 /* OnTheMap */,
				7F850B1B1CE8FE9E00E5BCD1 /* OnTheMapTests */,
				7F850B261CE8FE9E00E5BCD1 /* OnTheMapUITests */,
				7F850B051CE8FE9E00E5BCD1 /* Products */,
			);
			sourceTree = "<group>";
		};
		7F850B051CE8FE9E00E5BCD1 /* Products */ = {
			isa = PBXGroup;
			children = (
				7F850B041CE8FE9E00E5BCD1 /* OnTheMap.app */,
				7F850B181CE8FE9E00E5BCD1 /* OnTheMapTests.xctest */,
				7F850B231CE8FE9E00E5BCD1 /* OnTheMapUITests.xctest */,
			);
			name = Products;
			sourceTree = "<group>";
		};
		7F850B061CE8FE9E00E5BCD1 /* OnTheMap */ = {
			isa = PBXGroup;
			children = (
				7F850B071CE8FE9E00E5BCD1 /* AppDelegate.swift */,
				7F850B451CEA3D0C00E5BCD1 /* GCDBlackBox.swift */,
				7F850B391CE93C5C00E5BCD1 /* Controller */,
				7F850B361CE93C3600E5BCD1 /* Model */,
				7F850B381CE93C5100E5BCD1 /* View */,
				7F850B0E1CE8FE9E00E5BCD1 /* Assets.xcassets */,
				7F850B101CE8FE9E00E5BCD1 /* LaunchScreen.storyboard */,
				7F850B131CE8FE9E00E5BCD1 /* Info.plist */,
			);
			path = OnTheMap;
			sourceTree = "<group>";
		};
		7F850B1B1CE8FE9E00E5BCD1 /* OnTheMapTests */ = {
			isa = PBXGroup;
			children = (
				7F850B1C1CE8FE9E00E5BCD1 /* OnTheMapTests.swift */,
				7F850B1E1CE8FE9E00E5BCD1 /* Info.plist */,
			);
			path = OnTheMapTests;
			sourceTree = "<group>";
		};
		7F850B261CE8FE9E00E5BCD1 /* OnTheMapUITests */ = {
			isa = PBXGroup;
			children = (
				7F850B271CE8FE9E00E5BCD1 /* OnTheMapUITests.swift */,
				7F850B291CE8FE9E00E5BCD1 /* Info.plist */,
			);
			path = OnTheMapUITests;
			sourceTree = "<group>";
		};
		7F850B361CE93C3600E5BCD1 /* Model */ = {
			isa = PBXGroup;
			children = (
				7F850B3A1CE93CED00E5BCD1 /* Clients */,
			);
			name = Model;
			sourceTree = "<group>";
		};
		7F850B381CE93C5100E5BCD1 /* View */ = {
			isa = PBXGroup;
			children = (
				7F850B0B1CE8FE9E00E5BCD1 /* Main.storyboard */,
			);
			name = View;
			sourceTree = "<group>";
		};
		7F850B391CE93C5C00E5BCD1 /* Controller */ = {
			isa = PBXGroup;
			children = (
				7F850B431CEA261400E5BCD1 /* LoginViewController.swift */,
				7FCC43B41CEC014A0052AD40 /* PinMapViewController.swift */,
				7FCC43C01CED4D400052AD40 /* UdacityStudentListViewController.swift */,
				7FCC43C21CEF70100052AD40 /* InformationPostingViewController.swift */,
			);
			name = Controller;
			sourceTree = "<group>";
		};
		7F850B3A1CE93CED00E5BCD1 /* Clients */ = {
			isa = PBXGroup;
			children = (
				7F850B3B1CEA1FEA00E5BCD1 /* UdacityConstants.swift */,
				7F850B3D1CEA200A00E5BCD1 /* UdacityClient.swift */,
				7F850B3F1CEA201900E5BCD1 /* UdacityConvenience.swift */,
				7F850B411CEA209300E5BCD1 /* UdacityAuthenticationViewController.swift */,
				7FCC43B81CECFC6E0052AD40 /* PARSEClient.swift */,
				7FCC43BA1CECFC820052AD40 /* PARSEConvenience.swift */,
				7FCC43BE1CED05510052AD40 /* PARSEStudentInformation.swift */,
				7FCC43BC1CECFC9B0052AD40 /* PARSEConstants.swift */,
			);
			name = Clients;
			sourceTree = "<group>";
		};
/* End PBXGroup section */

/* Begin PBXNativeTarget section */
		7F850B031CE8FE9E00E5BCD1 /* OnTheMap */ = {
			isa = PBXNativeTarget;
			buildConfigurationList = 7F850B2C1CE8FE9E00E5BCD1 /* Build configuration list for PBXNativeTarget "OnTheMap" */;
			buildPhases = (
				7F850B001CE8FE9E00E5BCD1 /* Sources */,
				7F850B011CE8FE9E00E5BCD1 /* Frameworks */,
				7F850B021CE8FE9E00E5BCD1 /* Resources */,
			);
			buildRules = (
			);
			dependencies = (
			);
			name = OnTheMap;
			productName = OnTheMap;
			productReference = 7F850B041CE8FE9E00E5BCD1 /* OnTheMap.app */;
			productType = "com.apple.product-type.application";
		};
		7F850B171CE8FE9E00E5BCD1 /* OnTheMapTests */ = {
			isa = PBXNativeTarget;
			buildConfigurationList = 7F850B2F1CE8FE9E00E5BCD1 /* Build configuration list for PBXNativeTarget "OnTheMapTests" */;
			buildPhases = (
				7F850B141CE8FE9E00E5BCD1 /* Sources */,
				7F850B151CE8FE9E00E5BCD1 /* Frameworks */,
				7F850B161CE8FE9E00E5BCD1 /* Resources */,
			);
			buildRules = (
			);
			dependencies = (
				7F850B1A1CE8FE9E00E5BCD1 /* PBXTargetDependency */,
			);
			name = OnTheMapTests;
			productName = OnTheMapTests;
			productReference = 7F850B181CE8FE9E00E5BCD1 /* OnTheMapTests.xctest */;
			productType = "com.apple.product-type.bundle.unit-test";
		};
		7F850B221CE8FE9E00E5BCD1 /* OnTheMapUITests */ = {
			isa = PBXNativeTarget;
			buildConfigurationList = 7F850B321CE8FE9E00E5BCD1 /* Build configuration list for PBXNativeTarget "OnTheMapUITests" */;
			buildPhases = (
				7F850B1F1CE8FE9E00E5BCD1 /* Sources */,
				7F850B201CE8FE9E00E5BCD1 /* Frameworks */,
				7F850B211CE8FE9E00E5BCD1 /* Resources */,
			);
			buildRules = (
			);
			dependencies = (
				7F850B251CE8FE9E00E5BCD1 /* PBXTargetDependency */,
			);
			name = OnTheMapUITests;
			productName = OnTheMapUITests;
			productReference = 7F850B231CE8FE9E00E5BCD1 /* OnTheMapUITests.xctest */;
			productType = "com.apple.product-type.bundle.ui-testing";
		};
/* End PBXNativeTarget section */

/* Begin PBXProject section */
		7F850AFC1CE8FE9D00E5BCD1 /* Project object */ = {
			isa = PBXProject;
			attributes = {
				LastSwiftUpdateCheck = 0730;
				LastUpgradeCheck = 0730;
				ORGANIZATIONNAME = "RW Software";
				TargetAttributes = {
					7F850B031CE8FE9E00E5BCD1 = {
						CreatedOnToolsVersion = 7.3;
						DevelopmentTeam = 58Y858P6NK;
						SystemCapabilities = {
							com.apple.Maps.iOS = {
								enabled = 1;
							};
						};
					};
					7F850B171CE8FE9E00E5BCD1 = {
						CreatedOnToolsVersion = 7.3;
						TestTargetID = 7F850B031CE8FE9E00E5BCD1;
					};
					7F850B221CE8FE9E00E5BCD1 = {
						CreatedOnToolsVersion = 7.3;
						TestTargetID = 7F850B031CE8FE9E00E5BCD1;
					};
				};
			};
			buildConfigurationList = 7F850AFF1CE8FE9E00E5BCD1 /* Build configuration list for PBXProject "OnTheMap" */;
			compatibilityVersion = "Xcode 3.2";
			developmentRegion = English;
			hasScannedForEncodings = 0;
			knownRegions = (
				en,
				Base,
			);
			mainGroup = 7F850AFB1CE8FE9D00E5BCD1;
			productRefGroup = 7F850B051CE8FE9E00E5BCD1 /* Products */;
			projectDirPath = "";
			projectRoot = "";
			targets = (
				7F850B031CE8FE9E00E5BCD1 /* OnTheMap */,
				7F850B171CE8FE9E00E5BCD1 /* OnTheMapTests */,
				7F850B221CE8FE9E00E5BCD1 /* OnTheMapUITests */,
			);
		};
/* End PBXProject section */

/* Begin PBXResourcesBuildPhase section */
		7F850B021CE8FE9E00E5BCD1 /* Resources */ = {
			isa = PBXResourcesBuildPhase;
			buildActionMask = 2147483647;
			files = (
				7F850B121CE8FE9E00E5BCD1 /* LaunchScreen.storyboard in Resources */,
				7F850B0F1CE8FE9E00E5BCD1 /* Assets.xcassets in Resources */,
				7F850B0D1CE8FE9E00E5BCD1 /* Main.storyboard in Resources */,
			);
			runOnlyForDeploymentPostprocessing = 0;
		};
		7F850B161CE8FE9E00E5BCD1 /* Resources */ = {
			isa = PBXResourcesBuildPhase;
			buildActionMask = 2147483647;
			files = (
			);
			runOnlyForDeploymentPostprocessing = 0;
		};
		7F850B211CE8FE9E00E5BCD1 /* Resources */ = {
			isa = PBXResourcesBuildPhase;
			buildActionMask = 2147483647;
			files = (
			);
			runOnlyForDeploymentPostprocessing = 0;
		};
/* End PBXResourcesBuildPhase section */

/* Begin PBXSourcesBuildPhase section */
		7F850B001CE8FE9E00E5BCD1 /* Sources */ = {
			isa = PBXSourcesBuildPhase;
			buildActionMask = 2147483647;
			files = (
				7FCC43BF1CED05510052AD40 /* PARSEStudentInformation.swift in Sources */,
				7F850B441CEA261400E5BCD1 /* LoginViewController.swift in Sources */,
				7FCC43B51CEC014A0052AD40 /* PinMapViewController.swift in Sources */,
				7F850B3E1CEA200A00E5BCD1 /* UdacityClient.swift in Sources */,
				7FCC43C31CEF70100052AD40 /* InformationPostingViewController.swift in Sources */,
				7F850B081CE8FE9E00E5BCD1 /* AppDelegate.swift in Sources */,
				7FCC43C11CED4D400052AD40 /* UdacityStudentListViewController.swift in Sources */,
				7F850B401CEA201900E5BCD1 /* UdacityConvenience.swift in Sources */,
				7FCC43BD1CECFC9B0052AD40 /* PARSEConstants.swift in Sources */,
				7F850B421CEA209300E5BCD1 /* UdacityAuthenticationViewController.swift in Sources */,
				7F850B3C1CEA1FEA00E5BCD1 /* UdacityConstants.swift in Sources */,
				7FCC43BB1CECFC820052AD40 /* PARSEConvenience.swift in Sources */,
				7F850B461CEA3D0C00E5BCD1 /* GCDBlackBox.swift in Sources */,
				7FCC43B91CECFC6E0052AD40 /* PARSEClient.swift in Sources */,
			);
			runOnlyForDeploymentPostprocessing = 0;
		};
		7F850B141CE8FE9E00E5BCD1 /* Sources */ = {
			isa = PBXSourcesBuildPhase;
			buildActionMask = 2147483647;
			files = (
				7F850B1D1CE8FE9E00E5BCD1 /* OnTheMapTests.swift in Sources */,
			);
			runOnlyForDeploymentPostprocessing = 0;
		};
		7F850B1F1CE8FE9E00E5BCD1 /* Sources */ = {
			isa = PBXSourcesBuildPhase;
			buildActionMask = 2147483647;
			files = (
				7F850B281CE8FE9E00E5BCD1 /* OnTheMapUITests.swift in Sources */,
			);
			runOnlyForDeploymentPostprocessing = 0;
		};
/* End PBXSourcesBuildPhase section */

/* Begin PBXTargetDependency section */
		7F850B1A1CE8FE9E00E5BCD1 /* PBXTargetDependency */ = {
			isa = PBXTargetDependency;
			target = 7F850B031CE8FE9E00E5BCD1 /* OnTheMap */;
			targetProxy = 7F850B191CE8FE9E00E5BCD1 /* PBXContainerItemProxy */;
		};
		7F850B251CE8FE9E00E5BCD1 /* PBXTargetDependency */ = {
			isa = PBXTargetDependency;
			target = 7F850B031CE8FE9E00E5BCD1 /* OnTheMap */;
			targetProxy = 7F850B241CE8FE9E00E5BCD1 /* PBXContainerItemProxy */;
		};
/* End PBXTargetDependency section */

/* Begin PBXVariantGroup section */
		7F850B0B1CE8FE9E00E5BCD1 /* Main.storyboard */ = {
			isa = PBXVariantGroup;
			children = (
				7F850B0C1CE8FE9E00E5BCD1 /* Base */,
			);
			name = Main.storyboard;
			sourceTree = "<group>";
		};
		7F850B101CE8FE9E00E5BCD1 /* LaunchScreen.storyboard */ = {
			isa = PBXVariantGroup;
			children = (
				7F850B111CE8FE9E00E5BCD1 /* Base */,
			);
			name = LaunchScreen.storyboard;
			sourceTree = "<group>";
		};
/* End PBXVariantGroup section */

/* Begin XCBuildConfiguration section */
		7F850B2A1CE8FE9E00E5BCD1 /* Debug */ = {
			isa = XCBuildConfiguration;
			buildSettings = {
				ALWAYS_SEARCH_USER_PATHS = NO;
				CLANG_ANALYZER_NONNULL = YES;
				CLANG_CXX_LANGUAGE_STANDARD = "gnu++0x";
				CLANG_CXX_LIBRARY = "libc++";
				CLANG_ENABLE_MODULES = YES;
				CLANG_ENABLE_OBJC_ARC = YES;
				CLANG_WARN_BOOL_CONVERSION = YES;
				CLANG_WARN_CONSTANT_CONVERSION = YES;
				CLANG_WARN_DIRECT_OBJC_ISA_USAGE = YES_ERROR;
				CLANG_WARN_EMPTY_BODY = YES;
				CLANG_WARN_ENUM_CONVERSION = YES;
				CLANG_WARN_INT_CONVERSION = YES;
				CLANG_WARN_OBJC_ROOT_CLASS = YES_ERROR;
				CLANG_WARN_UNREACHABLE_CODE = YES;
				CLANG_WARN__DUPLICATE_METHOD_MATCH = YES;
				"CODE_SIGN_IDENTITY[sdk=iphoneos*]" = "iPhone Developer";
				COPY_PHASE_STRIP = NO;
				DEBUG_INFORMATION_FORMAT = dwarf;
				ENABLE_STRICT_OBJC_MSGSEND = YES;
				ENABLE_TESTABILITY = YES;
				GCC_C_LANGUAGE_STANDARD = gnu99;
				GCC_DYNAMIC_NO_PIC = NO;
				GCC_NO_COMMON_BLOCKS = YES;
				GCC_OPTIMIZATION_LEVEL = 0;
				GCC_PREPROCESSOR_DEFINITIONS = (
					"DEBUG=1",
					"$(inherited)",
				);
				GCC_WARN_64_TO_32_BIT_CONVERSION = YES;
				GCC_WARN_ABOUT_RETURN_TYPE = YES_ERROR;
				GCC_WARN_UNDECLARED_SELECTOR = YES;
				GCC_WARN_UNINITIALIZED_AUTOS = YES_AGGRESSIVE;
				GCC_WARN_UNUSED_FUNCTION = YES;
				GCC_WARN_UNUSED_VARIABLE = YES;
				IPHONEOS_DEPLOYMENT_TARGET = 9.3;
				MTL_ENABLE_DEBUG_INFO = YES;
				ONLY_ACTIVE_ARCH = YES;
				SDKROOT = iphoneos;
				SWIFT_OPTIMIZATION_LEVEL = "-Onone";
			};
			name = Debug;
		};
		7F850B2B1CE8FE9E00E5BCD1 /* Release */ = {
			isa = XCBuildConfiguration;
			buildSettings = {
				ALWAYS_SEARCH_USER_PATHS = NO;
				CLANG_ANALYZER_NONNULL = YES;
				CLANG_CXX_LANGUAGE_STANDARD = "gnu++0x";
				CLANG_CXX_LIBRARY = "libc++";
				CLANG_ENABLE_MODULES = YES;
				CLANG_ENABLE_OBJC_ARC = YES;
				CLANG_WARN_BOOL_CONVERSION = YES;
				CLANG_WARN_CONSTANT_CONVERSION = YES;
				CLANG_WARN_DIRECT_OBJC_ISA_USAGE = YES_ERROR;
				CLANG_WARN_EMPTY_BODY = YES;
				CLANG_WARN_ENUM_CONVERSION = YES;
				CLANG_WARN_INT_CONVERSION = YES;
				CLANG_WARN_OBJC_ROOT_CLASS = YES_ERROR;
				CLANG_WARN_UNREACHABLE_CODE = YES;
				CLANG_WARN__DUPLICATE_METHOD_MATCH = YES;
				"CODE_SIGN_IDENTITY[sdk=iphoneos*]" = "iPhone Developer";
				COPY_PHASE_STRIP = NO;
				DEBUG_INFORMATION_FORMAT = "dwarf-with-dsym";
				ENABLE_NS_ASSERTIONS = NO;
				ENABLE_STRICT_OBJC_MSGSEND = YES;
				GCC_C_LANGUAGE_STANDARD = gnu99;
				GCC_NO_COMMON_BLOCKS = YES;
				GCC_WARN_64_TO_32_BIT_CONVERSION = YES;
				GCC_WARN_ABOUT_RETURN_TYPE = YES_ERROR;
				GCC_WARN_UNDECLARED_SELECTOR = YES;
				GCC_WARN_UNINITIALIZED_AUTOS = YES_AGGRESSIVE;
				GCC_WARN_UNUSED_FUNCTION = YES;
				GCC_WARN_UNUSED_VARIABLE = YES;
				IPHONEOS_DEPLOYMENT_TARGET = 9.3;
				MTL_ENABLE_DEBUG_INFO = NO;
				SDKROOT = iphoneos;
				VALIDATE_PRODUCT = YES;
			};
			name = Release;
		};
		7F850B2D1CE8FE9E00E5BCD1 /* Debug */ = {
			isa = XCBuildConfiguration;
			buildSettings = {
				ASSETCATALOG_COMPILER_APPICON_NAME = AppIcon;
				CODE_SIGN_IDENTITY = "iPhone Developer";
				"CODE_SIGN_IDENTITY[sdk=iphoneos*]" = "iPhone Developer";
				INFOPLIST_FILE = OnTheMap/Info.plist;
				LD_RUNPATH_SEARCH_PATHS = "$(inherited) @executable_path/Frameworks";
				PRODUCT_BUNDLE_IDENTIFIER = RW.OnTheMap;
				PRODUCT_NAME = "$(TARGET_NAME)";
				PROVISIONING_PROFILE = "";
			};
			name = Debug;
		};
		7F850B2E1CE8FE9E00E5BCD1 /* Release */ = {
			isa = XCBuildConfiguration;
			buildSettings = {
				ASSETCATALOG_COMPILER_APPICON_NAME = AppIcon;
				CODE_SIGN_IDENTITY = "iPhone Developer";
				"CODE_SIGN_IDENTITY[sdk=iphoneos*]" = "iPhone Developer";
				INFOPLIST_FILE = OnTheMap/Info.plist;
				LD_RUNPATH_SEARCH_PATHS = "$(inherited) @executable_path/Frameworks";
				PRODUCT_BUNDLE_IDENTIFIER = RW.OnTheMap;
				PRODUCT_NAME = "$(TARGET_NAME)";
				PROVISIONING_PROFILE = "";
			};
			name = Release;
		};
		7F850B301CE8FE9E00E5BCD1 /* Debug */ = {
			isa = XCBuildConfiguration;
			buildSettings = {
				BUNDLE_LOADER = "$(TEST_HOST)";
				INFOPLIST_FILE = OnTheMapTests/Info.plist;
				LD_RUNPATH_SEARCH_PATHS = "$(inherited) @executable_path/Frameworks @loader_path/Frameworks";
				PRODUCT_BUNDLE_IDENTIFIER = RW.OnTheMapTests;
				PRODUCT_NAME = "$(TARGET_NAME)";
				TEST_HOST = "$(BUILT_PRODUCTS_DIR)/OnTheMap.app/OnTheMap";
			};
			name = Debug;
		};
		7F850B311CE8FE9E00E5BCD1 /* Release */ = {
			isa = XCBuildConfiguration;
			buildSettings = {
				BUNDLE_LOADER = "$(TEST_HOST)";
				INFOPLIST_FILE = OnTheMapTests/Info.plist;
				LD_RUNPATH_SEARCH_PATHS = "$(inherited) @executable_path/Frameworks @loader_path/Frameworks";
				PRODUCT_BUNDLE_IDENTIFIER = RW.OnTheMapTests;
				PRODUCT_NAME = "$(TARGET_NAME)";
				TEST_HOST = "$(BUILT_PRODUCTS_DIR)/OnTheMap.app/OnTheMap";
			};
			name = Release;
		};
		7F850B331CE8FE9E00E5BCD1 /* Debug */ = {
			isa = XCBuildConfiguration;
			buildSettings = {
				INFOPLIST_FILE = OnTheMapUITests/Info.plist;
				LD_RUNPATH_SEARCH_PATHS = "$(inherited) @executable_path/Frameworks @loader_path/Frameworks";
				PRODUCT_BUNDLE_IDENTIFIER = RW.OnTheMapUITests;
				PRODUCT_NAME = "$(TARGET_NAME)";
				TEST_TARGET_NAME = OnTheMap;
			};
			name = Debug;
		};
		7F850B341CE8FE9E00E5BCD1 /* Release */ = {
			isa = XCBuildConfiguration;
			buildSettings = {
				INFOPLIST_FILE = OnTheMapUITests/Info.plist;
				LD_RUNPATH_SEARCH_PATHS = "$(inherited) @executable_path/Frameworks @loader_path/Frameworks";
				PRODUCT_BUNDLE_IDENTIFIER = RW.OnTheMapUITests;
				PRODUCT_NAME = "$(TARGET_NAME)";
				TEST_TARGET_NAME = OnTheMap;
			};
			name = Release;
		};
/* End XCBuildConfiguration section */

/* Begin XCConfigurationList section */
		7F850AFF1CE8FE9E00E5BCD1 /* Build configuration list for PBXProject "OnTheMap" */ = {
			isa = XCConfigurationList;
			buildConfigurations = (
				7F850B2A1CE8FE9E00E5BCD1 /* Debug */,
				7F850B2B1CE8FE9E00E5BCD1 /* Release */,
			);
			defaultConfigurationIsVisible = 0;
			defaultConfigurationName = Release;
		};
		7F850B2C1CE8FE9E00E5BCD1 /* Build configuration list for PBXNativeTarget "OnTheMap" */ = {
			isa = XCConfigurationList;
			buildConfigurations = (
				7F850B2D1CE8FE9E00E5BCD1 /* Debug */,
				7F850B2E1CE8FE9E00E5BCD1 /* Release */,
			);
			defaultConfigurationIsVisible = 0;
			defaultConfigurationName = Release;
		};
		7F850B2F1CE8FE9E00E5BCD1 /* Build configuration list for PBXNativeTarget "OnTheMapTests" */ = {
			isa = XCConfigurationList;
			buildConfigurations = (
				7F850B301CE8FE9E00E5BCD1 /* Debug */,
				7F850B311CE8FE9E00E5BCD1 /* Release */,
			);
			defaultConfigurationIsVisible = 0;
			defaultConfigurationName = Release;
		};
		7F850B321CE8FE9E00E5BCD1 /* Build configuration list for PBXNativeTarget "OnTheMapUITests" */ = {
			isa = XCConfigurationList;
			buildConfigurations = (
				7F850B331CE8FE9E00E5BCD1 /* Debug */,
				7F850B341CE8FE9E00E5BCD1 /* Release */,
			);
			defaultConfigurationIsVisible = 0;
			defaultConfigurationName = Release;
		};
/* End XCConfigurationList section */
	};
	rootObject = 7F850AFC1CE8FE9D00E5BCD1 /* Project object */;
}
